
Microsoft Visual Studio Solution File, Format Version 12.00
# Visual Studio 15
Project("{FAE04EC0-301F-11D3-BF4B-00C04F79EFBC}") = "Assembly-CSharp", "Assembly-CSharp.csproj", "{C968C925-6F79-CB36-DBF1-106E3C62B744}"
EndProject
Project("{FAE04EC0-301F-11D3-BF4B-00C04F79EFBC}") = "Assembly-CSharp-Editor", "Assembly-CSharp-Editor.csproj", "{400C4A2C-657E-977A-B124-32FAA42AA0BB}"
EndProject
Global
	GlobalSection(SolutionConfigurationPlatforms) = preSolution
		Debug|Any CPU = Debug|Any CPU
		Release|Any CPU = Release|Any CPU
	EndGlobalSection
	GlobalSection(ProjectConfigurationPlatforms) = postSolution
		{C968C925-6F79-CB36-DBF1-106E3C62B744}.Debug|Any CPU.ActiveCfg = Debug|Any CPU
		{C968C925-6F79-CB36-DBF1-106E3C62B744}.Debug|Any CPU.Build.0 = Debug|Any CPU
		{C968C925-6F79-CB36-DBF1-106E3C62B744}.Release|Any CPU.ActiveCfg = Release|Any CPU
		{C968C925-6F79-CB36-DBF1-106E3C62B744}.Release|Any CPU.Build.0 = Release|Any CPU
		{400C4A2C-657E-977A-B124-32FAA42AA0BB}.Debug|Any CPU.ActiveCfg = Debug|Any CPU
		{400C4A2C-657E-977A-B124-32FAA42AA0BB}.Debug|Any CPU.Build.0 = Debug|Any CPU
		{400C4A2C-657E-977A-B124-32FAA42AA0BB}.Release|Any CPU.ActiveCfg = Release|Any CPU
		{400C4A2C-657E-977A-B124-32FAA42AA0BB}.Release|Any CPU.Build.0 = Release|Any CPU
	EndGlobalSection
	GlobalSection(SolutionProperties) = preSolution
		HideSolutionNode = FALSE
	EndGlobalSection
EndGlobal
